// !$*UTF8*$!
{
	archiveVersion = 1;
	classes = {
	};
	objectVersion = 46;
	objects = {

/* Begin PBXBuildFile section */
		F9CCB6891DD3E5AE002A7425 /* AppDelegate.swift in Sources */ = {isa = PBXBuildFile; fileRef = F9CCB6881DD3E5AE002A7425 /* AppDelegate.swift */; };
		F9CCB68B1DD3E5AE002A7425 /* ViewController.swift in Sources */ = {isa = PBXBuildFile; fileRef = F9CCB68A1DD3E5AE002A7425 /* ViewController.swift */; };
		F9CCB68E1DD3E5AE002A7425 /* Main.storyboard in Resources */ = {isa = PBXBuildFile; fileRef = F9CCB68C1DD3E5AE002A7425 /* Main.storyboard */; };
		F9CCB6901DD3E5AE002A7425 /* Assets.xcassets in Resources */ = {isa = PBXBuildFile; fileRef = F9CCB68F1DD3E5AE002A7425 /* Assets.xcassets */; };
		F9CCB6931DD3E5AE002A7425 /* LaunchScreen.storyboard in Resources */ = {isa = PBXBuildFile; fileRef = F9CCB6911DD3E5AE002A7425 /* LaunchScreen.storyboard */; };
/* End PBXBuildFile section */

/* Begin PBXFileReference section */
		F9CCB6851DD3E5AE002A7425 /* Urpra.app */ = {isa = PBXFileReference; explicitFileType = wrapper.application; includeInIndex = 0; path = Urpra.app; sourceTree = BUILT_PRODUCTS_DIR; };
		F9CCB6881DD3E5AE002A7425 /* AppDelegate.swift */ = {isa = PBXFileReference; lastKnownFileType = sourcecode.swift; path = AppDelegate.swift; sourceTree = "<group>"; };
		F9CCB68A1DD3E5AE002A7425 /* ViewController.swift */ = {isa = PBXFileReference; lastKnownFileType = sourcecode.swift; path = ViewController.swift; sourceTree = "<group>"; };
		F9CCB68D1DD3E5AE002A7425 /* Base */ = {isa = PBXFileReference; lastKnownFileType = file.storyboard; name = Base; path = Base.lproj/Main.storyboard; sourceTree = "<group>"; };
		F9CCB68F1DD3E5AE002A7425 /* Assets.xcassets */ = {isa = PBXFileReference; lastKnownFileType = folder.assetcatalog; path = Assets.xcassets; sourceTree = "<group>"; };
		F9CCB6921DD3E5AE002A7425 /* Base */ = {isa = PBXFileReference; lastKnownFileType = file.storyboard; name = Base; path = Base.lproj/LaunchScreen.storyboard; sourceTree = "<group>"; };
		F9CCB6941DD3E5AE002A7425 /* Info.plist */ = {isa = PBXFileReference; lastKnownFileType = text.plist.xml; path = Info.plist; sourceTree = "<group>"; };
/* End PBXFileReference section */

/* Begin PBXFrameworksBuildPhase section */
		F9CCB6821DD3E5AE002A7425 /* Frameworks */ = {
			isa = PBXFrameworksBuildPhase;
			buildActionMask = 2147483647;
			files = (
			);
			runOnlyForDeploymentPostprocessing = 0;
		};
/* End PBXFrameworksBuildPhase section */

/* Begin PBXGroup section */
		F9CCB67C1DD3E5AE002A7425 = {
			isa = PBXGroup;
			children = (
				F9CCB6871DD3E5AE002A7425 /* Urpra */,
				F9CCB6861DD3E5AE002A7425 /* Products */,
			);
			sourceTree = "<group>";
		};
		F9CCB6861DD3E5AE002A7425 /* Products */ = {
			isa = PBXGroup;
			children = (
				F9CCB6851DD3E5AE002A7425 /* Urpra.app */,
			);
			name = Products;
			sourceTree = "<group>";
		};
		F9CCB6871DD3E5AE002A7425 /* Urpra */ = {
			isa = PBXGroup;
			children = (
				F9CCB6881DD3E5AE002A7425 /* AppDelegate.swift */,
				F9CCB68A1DD3E5AE002A7425 /* ViewController.swift */,
				F9CCB68C1DD3E5AE002A7425 /* Main.storyboard */,
				F9CCB68F1DD3E5AE002A7425 /* Assets.xcassets */,
				F9CCB6911DD3E5AE002A7425 /* LaunchScreen.storyboard */,
				F9CCB6941DD3E5AE002A7425 /* Info.plist */,
			);
			path = Urpra;
			sourceTree = "<group>";
		};
/* End PBXGroup section */

/* Begin PBXNativeTarget section */
		F9CCB6841DD3E5AE002A7425 /* Urpra */ = {
			isa = PBXNativeTarget;
			buildConfigurationList = F9CCB6971DD3E5AE002A7425 /* Build configuration list for PBXNativeTarget "Urpra" */;
			buildPhases = (
				F9CCB6811DD3E5AE002A7425 /* Sources */,
				F9CCB6821DD3E5AE002A7425 /* Frameworks */,
				F9CCB6831DD3E5AE002A7425 /* Resources */,
			);
			buildRules = (
			);
			dependencies = (
			);
			name = Urpra;
			productName = Urpra;
			productReference = F9CCB6851DD3E5AE002A7425 /* Urpra.app */;
			productType = "com.apple.product-type.application";
		};
/* End PBXNativeTarget section */

/* Begin PBXProject section */
		F9CCB67D1DD3E5AE002A7425 /* Project object */ = {
			isa = PBXProject;
			attributes = {
				LastSwiftUpdateCheck = 0810;
				LastUpgradeCheck = 0810;
				ORGANIZATIONNAME = "Ashok Machineni";
				TargetAttributes = {
					F9CCB6841DD3E5AE002A7425 = {
						CreatedOnToolsVersion = 8.1;
						DevelopmentTeam = QN8H28W4G3;
						ProvisioningStyle = Automatic;
					};
				};
			};
			buildConfigurationList = F9CCB6801DD3E5AE002A7425 /* Build configuration list for PBXProject "Urpra" */;
			compatibilityVersion = "Xcode 3.2";
			developmentRegion = English;
			hasScannedForEncodings = 0;
			knownRegions = (
				en,
				Base,
			);
			mainGroup = F9CCB67C1DD3E5AE002A7425;
			productRefGroup = F9CCB6861DD3E5AE002A7425 /* Products */;
			projectDirPath = "";
			projectRoot = "";
			targets = (
				F9CCB6841DD3E5AE002A7425 /* Urpra */,
			);
		};
/* End PBXProject section */

/* Begin PBXResourcesBuildPhase section */
		F9CCB6831DD3E5AE002A7425 /* Resources */ = {
			isa = PBXResourcesBuildPhase;
			buildActionMask = 2147483647;
			files = (
				F9CCB6931DD3E5AE002A7425 /* LaunchScreen.storyboard in Resources */,
				F9CCB6901DD3E5AE002A7425 /* Assets.xcassets in Resources */,
				F9CCB68E1DD3E5AE002A7425 /* Main.storyboard in Resources */,
			);
			runOnlyForDeploymentPostprocessing = 0;
		};
/* End PBXResourcesBuildPhase section */

/* Begin PBXSourcesBuildPhase section */
		F9CCB6811DD3E5AE002A7425 /* Sources */ = {
			isa = PBXSourcesBuildPhase;
			buildActionMask = 2147483647;
			files = (
				F9CCB68B1DD3E5AE002A7425 /* ViewController.swift in Sources */,
				F9CCB6891DD3E5AE002A7425 /* AppDelegate.swift in Sources */,
			);
			runOnlyForDeploymentPostprocessing = 0;
		};
/* End PBXSourcesBuildPhase section */

/* Begin PBXVariantGroup section */
		F9CCB68C1DD3E5AE002A7425 /* Main.storyboard */ = {
			isa = PBXVariantGroup;
			children = (
				F9CCB68D1DD3E5AE002A7425 /* Base */,
			);
			name = Main.storyboard;
			sourceTree = "<group>";
		};
		F9CCB6911DD3E5AE002A7425 /* LaunchScreen.storyboard */ = {
			isa = PBXVariantGroup;
			children = (
				F9CCB6921DD3E5AE002A7425 /* Base */,
			);
			name = LaunchScreen.storyboard;
			sourceTree = "<group>";
		};
/* End PBXVariantGroup section */

/* Begin XCBuildConfiguration section */
		F9CCB6951DD3E5AE002A7425 /* Debug */ = {
			isa = XCBuildConfiguration;
			buildSettings = {
				ALWAYS_SEARCH_USER_PATHS = NO;
				CLANG_ANALYZER_NONNULL = YES;
				CLANG_CXX_LANGUAGE_STANDARD = "gnu++0x";
				CLANG_CXX_LIBRARY = "libc++";
				CLANG_ENABLE_MODULES = YES;
				CLANG_ENABLE_OBJC_ARC = YES;
				CLANG_WARN_BOOL_CONVERSION = YES;
				CLANG_WARN_CONSTANT_CONVERSION = YES;
				CLANG_WARN_DIRECT_OBJC_ISA_USAGE = YES_ERROR;
				CLANG_WARN_DOCUMENTATION_COMMENTS = YES;
				CLANG_WARN_EMPTY_BODY = YES;
				CLANG_WARN_ENUM_CONVERSION = YES;
				CLANG_WARN_INFINITE_RECURSION = YES;
				CLANG_WARN_INT_CONVERSION = YES;
				CLANG_WARN_OBJC_ROOT_CLASS = YES_ERROR;
				CLANG_WARN_SUSPICIOUS_MOVES = YES;
				CLANG_WARN_UNREACHABLE_CODE = YES;
				CLANG_WARN__DUPLICATE_METHOD_MATCH = YES;
				"CODE_SIGN_IDENTITY[sdk=iphoneos*]" = "iPhone Developer";
				COPY_PHASE_STRIP = NO;
				DEBUG_INFORMATION_FORMAT = dwarf;
				ENABLE_STRICT_OBJC_MSGSEND = YES;
				ENABLE_TESTABILITY = YES;
				GCC_C_LANGUAGE_STANDARD = gnu99;
				GCC_DYNAMIC_NO_PIC = NO;
				GCC_NO_COMMON_BLOCKS = YES;
				GCC_OPTIMIZATION_LEVEL = 0;
				GCC_PREPROCESSOR_DEFINITIONS = (
					"DEBUG=1",
					"$(inherited)",
				);
				GCC_WARN_64_TO_32_BIT_CONVERSION = YES;
				GCC_WARN_ABOUT_RETURN_TYPE = YES_ERROR;
				GCC_WARN_UNDECLARED_SELECTOR = YES;
				GCC_WARN_UNINITIALIZED_AUTOS = YES_AGGRESSIVE;
				GCC_WARN_UNUSED_FUNCTION = YES;
				GCC_WARN_UNUSED_VARIABLE = YES;
				IPHONEOS_DEPLOYMENT_TARGET = 10.1;
				MTL_ENABLE_DEBUG_INFO = YES;
				ONLY_ACTIVE_ARCH = YES;
				SDKROOT = iphoneos;
				SWIFT_ACTIVE_COMPILATION_CONDITIONS = DEBUG;
				SWIFT_OPTIMIZATION_LEVEL = "-Onone";
			};
			name = Debug;
		};
		F9CCB6961DD3E5AE002A7425 /* Release */ = {
			isa = XCBuildConfiguration;
			buildSettings = {
				ALWAYS_SEARCH_USER_PATHS = NO;
				CLANG_ANALYZER_NONNULL = YES;
				CLANG_CXX_LANGUAGE_STANDARD = "gnu++0x";
				CLANG_CXX_LIBRARY = "libc++";
				CLANG_ENABLE_MODULES = YES;
				CLANG_ENABLE_OBJC_ARC = YES;
				CLANG_WARN_BOOL_CONVERSION = YES;
				CLANG_WARN_CONSTANT_CONVERSION = YES;
				CLANG_WARN_DIRECT_OBJC_ISA_USAGE = YES_ERROR;
				CLANG_WARN_DOCUMENTATION_COMMENTS = YES;
				CLANG_WARN_EMPTY_BODY = YES;
				CLANG_WARN_ENUM_CONVERSION = YES;
				CLANG_WARN_INFINITE_RECURSION = YES;
				CLANG_WARN_INT_CONVERSION = YES;
				CLANG_WARN_OBJC_ROOT_CLASS = YES_ERROR;
				CLANG_WARN_SUSPICIOUS_MOVES = YES;
				CLANG_WARN_UNREACHABLE_CODE = YES;
				CLANG_WARN__DUPLICATE_METHOD_MATCH = YES;
				"CODE_SIGN_IDENTITY[sdk=iphoneos*]" = "iPhone Developer";
				COPY_PHASE_STRIP = NO;
				DEBUG_INFORMATION_FORMAT = "dwarf-with-dsym";
				ENABLE_NS_ASSERTIONS = NO;
				ENABLE_STRICT_OBJC_MSGSEND = YES;
				GCC_C_LANGUAGE_STANDARD = gnu99;
				GCC_NO_COMMON_BLOCKS = YES;
				GCC_WARN_64_TO_32_BIT_CONVERSION = YES;
				GCC_WARN_ABOUT_RETURN_TYPE = YES_ERROR;
				GCC_WARN_UNDECLARED_SELECTOR = YES;
				GCC_WARN_UNINITIALIZED_AUTOS = YES_AGGRESSIVE;
				GCC_WARN_UNUSED_FUNCTION = YES;
				GCC_WARN_UNUSED_VARIABLE = YES;
				IPHONEOS_DEPLOYMENT_TARGET = 10.1;
				MTL_ENABLE_DEBUG_INFO = NO;
				SDKROOT = iphoneos;
				SWIFT_OPTIMIZATION_LEVEL = "-Owholemodule";
				VALIDATE_PRODUCT = YES;
			};
			name = Release;
		};
		F9CCB6981DD3E5AE002A7425 /* Debug */ = {
			isa = XCBuildConfiguration;
			buildSettings = {
				ASSETCATALOG_COMPILER_APPICON_NAME = AppIcon;
				DEVELOPMENT_TEAM = QN8H28W4G3;
				INFOPLIST_FILE = Urpra/Info.plist;
				LD_RUNPATH_SEARCH_PATHS = "$(inherited) @executable_path/Frameworks";
				PRODUCT_BUNDLE_IDENTIFIER = com.ashok.Urpra;
				PRODUCT_NAME = "$(TARGET_NAME)";
				SWIFT_VERSION = 3.0;
			};
			name = Debug;
		};
		F9CCB6991DD3E5AE002A7425 /* Release */ = {
			isa = XCBuildConfiguration;
			buildSettings = {
				ASSETCATALOG_COMPILER_APPICON_NAME = AppIcon;
				DEVELOPMENT_TEAM = QN8H28W4G3;
				INFOPLIST_FILE = Urpra/Info.plist;
				LD_RUNPATH_SEARCH_PATHS = "$(inherited) @executable_path/Frameworks";
				PRODUCT_BUNDLE_IDENTIFIER = com.ashok.Urpra;
				PRODUCT_NAME = "$(TARGET_NAME)";
				SWIFT_VERSION = 3.0;
			};
			name = Release;
		};
/* End XCBuildConfiguration section */

/* Begin XCConfigurationList section */
		F9CCB6801DD3E5AE002A7425 /* Build configuration list for PBXProject "Urpra" */ = {
			isa = XCConfigurationList;
			buildConfigurations = (
				F9CCB6951DD3E5AE002A7425 /* Debug */,
				F9CCB6961DD3E5AE002A7425 /* Release */,
			);
			defaultConfigurationIsVisible = 0;
			defaultConfigurationName = Release;
		};
		F9CCB6971DD3E5AE002A7425 /* Build configuration list for PBXNativeTarget "Urpra" */ = {
			isa = XCConfigurationList;
			buildConfigurations = (
				F9CCB6981DD3E5AE002A7425 /* Debug */,
				F9CCB6991DD3E5AE002A7425 /* Release */,
			);
			defaultConfigurationIsVisible = 0;
		};
/* End XCConfigurationList section */
	};
	rootObject = F9CCB67D1DD3E5AE002A7425 /* Project object */;
}
